// !$*UTF8*$!
{
	archiveVersion = 1;
	classes = {
	};
	objectVersion = 46;
	objects = {

/* Begin PBXBuildFile section */
		1930481E195054A10052E551 /* Foundation.framework in Frameworks */ = {isa = PBXBuildFile; fileRef = 1930481D195054A10052E551 /* Foundation.framework */; };
		19304820195054A10052E551 /* CoreGraphics.framework in Frameworks */ = {isa = PBXBuildFile; fileRef = 1930481F195054A10052E551 /* CoreGraphics.framework */; };
		19304822195054A10052E551 /* UIKit.framework in Frameworks */ = {isa = PBXBuildFile; fileRef = 19304821195054A10052E551 /* UIKit.framework */; };
		19304828195054A10052E551 /* InfoPlist.strings in Resources */ = {isa = PBXBuildFile; fileRef = 19304826195054A10052E551 /* InfoPlist.strings */; };
		1930482A195054A10052E551 /* main.m in Sources */ = {isa = PBXBuildFile; fileRef = 19304829195054A10052E551 /* main.m */; };
		1930482E195054A10052E551 /* DPAppDelegate.m in Sources */ = {isa = PBXBuildFile; fileRef = 1930482D195054A10052E551 /* DPAppDelegate.m */; };
		19304830195054A10052E551 /* Images.xcassets in Resources */ = {isa = PBXBuildFile; fileRef = 1930482F195054A10052E551 /* Images.xcassets */; };
		19304837195054A10052E551 /* XCTest.framework in Frameworks */ = {isa = PBXBuildFile; fileRef = 19304836195054A10052E551 /* XCTest.framework */; };
		19304838195054A10052E551 /* Foundation.framework in Frameworks */ = {isa = PBXBuildFile; fileRef = 1930481D195054A10052E551 /* Foundation.framework */; };
		19304839195054A10052E551 /* UIKit.framework in Frameworks */ = {isa = PBXBuildFile; fileRef = 19304821195054A10052E551 /* UIKit.framework */; };
		19304841195054A10052E551 /* InfoPlist.strings in Resources */ = {isa = PBXBuildFile; fileRef = 1930483F195054A10052E551 /* InfoPlist.strings */; };
		19304843195054A10052E551 /* DPUIComponentsExampleTests.m in Sources */ = {isa = PBXBuildFile; fileRef = 19304842195054A10052E551 /* DPUIComponentsExampleTests.m */; };
		199ECF531950557E00C722FB /* DPHorizontalScrollableViewController.m in Sources */ = {isa = PBXBuildFile; fileRef = 199ECF4C1950557E00C722FB /* DPHorizontalScrollableViewController.m */; };
		199ECF541950557E00C722FB /* DPHorizontalScrollableViewController.m in Sources */ = {isa = PBXBuildFile; fileRef = 199ECF4C1950557E00C722FB /* DPHorizontalScrollableViewController.m */; };
		199ECF551950557E00C722FB /* DPMarqueeLabel.m in Sources */ = {isa = PBXBuildFile; fileRef = 199ECF4E1950557E00C722FB /* DPMarqueeLabel.m */; };
		199ECF561950557E00C722FB /* DPMarqueeLabel.m in Sources */ = {isa = PBXBuildFile; fileRef = 199ECF4E1950557E00C722FB /* DPMarqueeLabel.m */; };
		199ECF571950557E00C722FB /* UIView+dp_fadeInOut.m in Sources */ = {isa = PBXBuildFile; fileRef = 199ECF501950557E00C722FB /* UIView+dp_fadeInOut.m */; };
		199ECF581950557E00C722FB /* UIView+dp_fadeInOut.m in Sources */ = {isa = PBXBuildFile; fileRef = 199ECF501950557E00C722FB /* UIView+dp_fadeInOut.m */; };
		199ECF591950557E00C722FB /* UIView+dp_recursiveUtils.m in Sources */ = {isa = PBXBuildFile; fileRef = 199ECF521950557E00C722FB /* UIView+dp_recursiveUtils.m */; };
		199ECF5A1950557E00C722FB /* UIView+dp_recursiveUtils.m in Sources */ = {isa = PBXBuildFile; fileRef = 199ECF521950557E00C722FB /* UIView+dp_recursiveUtils.m */; };
/* End PBXBuildFile section */

/* Begin PBXContainerItemProxy section */
		1930483A195054A10052E551 /* PBXContainerItemProxy */ = {
			isa = PBXContainerItemProxy;
			containerPortal = 19304812195054A10052E551 /* Project object */;
			proxyType = 1;
			remoteGlobalIDString = 19304819195054A10052E551;
			remoteInfo = DPUIComponentsExample;
		};
/* End PBXContainerItemProxy section */

/* Begin PBXFileReference section */
		1930481A195054A10052E551 /* DPUIComponentsExample.app */ = {isa = PBXFileReference; explicitFileType = wrapper.application; includeInIndex = 0; path = DPUIComponentsExample.app; sourceTree = BUILT_PRODUCTS_DIR; };
		1930481D195054A10052E551 /* Foundation.framework */ = {isa = PBXFileReference; lastKnownFileType = wrapper.framework; name = Foundation.framework; path = System/Library/Frameworks/Foundation.framework; sourceTree = SDKROOT; };
		1930481F195054A10052E551 /* CoreGraphics.framework */ = {isa = PBXFileReference; lastKnownFileType = wrapper.framework; name = CoreGraphics.framework; path = System/Library/Frameworks/CoreGraphics.framework; sourceTree = SDKROOT; };
		19304821195054A10052E551 /* UIKit.framework */ = {isa = PBXFileReference; lastKnownFileType = wrapper.framework; name = UIKit.framework; path = System/Library/Frameworks/UIKit.framework; sourceTree = SDKROOT; };
		19304825195054A10052E551 /* DPUIComponentsExample-Info.plist */ = {isa = PBXFileReference; lastKnownFileType = text.plist.xml; path = "DPUIComponentsExample-Info.plist"; sourceTree = "<group>"; };
		19304827195054A10052E551 /* en */ = {isa = PBXFileReference; lastKnownFileType = text.plist.strings; name = en; path = en.lproj/InfoPlist.strings; sourceTree = "<group>"; };
		19304829195054A10052E551 /* main.m */ = {isa = PBXFileReference; lastKnownFileType = sourcecode.c.objc; path = main.m; sourceTree = "<group>"; };
		1930482B195054A10052E551 /* DPUIComponentsExample-Prefix.pch */ = {isa = PBXFileReference; lastKnownFileType = sourcecode.c.h; path = "DPUIComponentsExample-Prefix.pch"; sourceTree = "<group>"; };
		1930482C195054A10052E551 /* DPAppDelegate.h */ = {isa = PBXFileReference; lastKnownFileType = sourcecode.c.h; path = DPAppDelegate.h; sourceTree = "<group>"; };
		1930482D195054A10052E551 /* DPAppDelegate.m */ = {isa = PBXFileReference; lastKnownFileType = sourcecode.c.objc; path = DPAppDelegate.m; sourceTree = "<group>"; };
		1930482F195054A10052E551 /* Images.xcassets */ = {isa = PBXFileReference; lastKnownFileType = folder.assetcatalog; path = Images.xcassets; sourceTree = "<group>"; };
		19304835195054A10052E551 /* DPUIComponentsExampleTests.xctest */ = {isa = PBXFileReference; explicitFileType = wrapper.cfbundle; includeInIndex = 0; path = DPUIComponentsExampleTests.xctest; sourceTree = BUILT_PRODUCTS_DIR; };
		19304836195054A10052E551 /* XCTest.framework */ = {isa = PBXFileReference; lastKnownFileType = wrapper.framework; name = XCTest.framework; path = Library/Frameworks/XCTest.framework; sourceTree = DEVELOPER_DIR; };
		1930483E195054A10052E551 /* DPUIComponentsExampleTests-Info.plist */ = {isa = PBXFileReference; lastKnownFileType = text.plist.xml; path = "DPUIComponentsExampleTests-Info.plist"; sourceTree = "<group>"; };
		19304840195054A10052E551 /* en */ = {isa = PBXFileReference; lastKnownFileType = text.plist.strings; name = en; path = en.lproj/InfoPlist.strings; sourceTree = "<group>"; };
		19304842195054A10052E551 /* DPUIComponentsExampleTests.m */ = {isa = PBXFileReference; lastKnownFileType = sourcecode.c.objc; path = DPUIComponentsExampleTests.m; sourceTree = "<group>"; };
		199ECF4B1950557E00C722FB /* DPHorizontalScrollableViewController.h */ = {isa = PBXFileReference; fileEncoding = 4; lastKnownFileType = sourcecode.c.h; path = DPHorizontalScrollableViewController.h; sourceTree = "<group>"; };
		199ECF4C1950557E00C722FB /* DPHorizontalScrollableViewController.m */ = {isa = PBXFileReference; fileEncoding = 4; lastKnownFileType = sourcecode.c.objc; path = DPHorizontalScrollableViewController.m; sourceTree = "<group>"; };
		199ECF4D1950557E00C722FB /* DPMarqueeLabel.h */ = {isa = PBXFileReference; fileEncoding = 4; lastKnownFileType = sourcecode.c.h; path = DPMarqueeLabel.h; sourceTree = "<group>"; };
		199ECF4E1950557E00C722FB /* DPMarqueeLabel.m */ = {isa = PBXFileReference; fileEncoding = 4; lastKnownFileType = sourcecode.c.objc; path = DPMarqueeLabel.m; sourceTree = "<group>"; };
		199ECF4F1950557E00C722FB /* UIView+dp_fadeInOut.h */ = {isa = PBXFileReference; fileEncoding = 4; lastKnownFileType = sourcecode.c.h; path = "UIView+dp_fadeInOut.h"; sourceTree = "<group>"; };
		199ECF501950557E00C722FB /* UIView+dp_fadeInOut.m */ = {isa = PBXFileReference; fileEncoding = 4; lastKnownFileType = sourcecode.c.objc; path = "UIView+dp_fadeInOut.m"; sourceTree = "<group>"; };
		199ECF511950557E00C722FB /* UIView+dp_recursiveUtils.h */ = {isa = PBXFileReference; fileEncoding = 4; lastKnownFileType = sourcecode.c.h; path = "UIView+dp_recursiveUtils.h"; sourceTree = "<group>"; };
		199ECF521950557E00C722FB /* UIView+dp_recursiveUtils.m */ = {isa = PBXFileReference; fileEncoding = 4; lastKnownFileType = sourcecode.c.objc; path = "UIView+dp_recursiveUtils.m"; sourceTree = "<group>"; };
/* End PBXFileReference section */

/* Begin PBXFrameworksBuildPhase section */
		19304817195054A10052E551 /* Frameworks */ = {
			isa = PBXFrameworksBuildPhase;
			buildActionMask = 2147483647;
			files = (
				19304820195054A10052E551 /* CoreGraphics.framework in Frameworks */,
				19304822195054A10052E551 /* UIKit.framework in Frameworks */,
				1930481E195054A10052E551 /* Foundation.framework in Frameworks */,
			);
			runOnlyForDeploymentPostprocessing = 0;
		};
		19304832195054A10052E551 /* Frameworks */ = {
			isa = PBXFrameworksBuildPhase;
			buildActionMask = 2147483647;
			files = (
				19304837195054A10052E551 /* XCTest.framework in Frameworks */,
				19304839195054A10052E551 /* UIKit.framework in Frameworks */,
				19304838195054A10052E551 /* Foundation.framework in Frameworks */,
			);
			runOnlyForDeploymentPostprocessing = 0;
		};
/* End PBXFrameworksBuildPhase section */

/* Begin PBXGroup section */
		19304811195054A10052E551 = {
			isa = PBXGroup;
			children = (
				199ECF4A1950557E00C722FB /* DPUIComponents */,
				19304823195054A10052E551 /* DPUIComponentsExample */,
				1930483C195054A10052E551 /* DPUIComponentsExampleTests */,
				1930481C195054A10052E551 /* Frameworks */,
				1930481B195054A10052E551 /* Products */,
			);
			sourceTree = "<group>";
		};
		1930481B195054A10052E551 /* Products */ = {
			isa = PBXGroup;
			children = (
				1930481A195054A10052E551 /* DPUIComponentsExample.app */,
				19304835195054A10052E551 /* DPUIComponentsExampleTests.xctest */,
			);
			name = Products;
			sourceTree = "<group>";
		};
		1930481C195054A10052E551 /* Frameworks */ = {
			isa = PBXGroup;
			children = (
				1930481D195054A10052E551 /* Foundation.framework */,
				1930481F195054A10052E551 /* CoreGraphics.framework */,
				19304821195054A10052E551 /* UIKit.framework */,
				19304836195054A10052E551 /* XCTest.framework */,
			);
			name = Frameworks;
			sourceTree = "<group>";
		};
		19304823195054A10052E551 /* DPUIComponentsExample */ = {
			isa = PBXGroup;
			children = (
				1930482C195054A10052E551 /* DPAppDelegate.h */,
				1930482D195054A10052E551 /* DPAppDelegate.m */,
				1930482F195054A10052E551 /* Images.xcassets */,
				19304824195054A10052E551 /* Supporting Files */,
			);
			path = DPUIComponentsExample;
			sourceTree = "<group>";
		};
		19304824195054A10052E551 /* Supporting Files */ = {
			isa = PBXGroup;
			children = (
				19304825195054A10052E551 /* DPUIComponentsExample-Info.plist */,
				19304826195054A10052E551 /* InfoPlist.strings */,
				19304829195054A10052E551 /* main.m */,
				1930482B195054A10052E551 /* DPUIComponentsExample-Prefix.pch */,
			);
			name = "Supporting Files";
			sourceTree = "<group>";
		};
		1930483C195054A10052E551 /* DPUIComponentsExampleTests */ = {
			isa = PBXGroup;
			children = (
				19304842195054A10052E551 /* DPUIComponentsExampleTests.m */,
				1930483D195054A10052E551 /* Supporting Files */,
			);
			path = DPUIComponentsExampleTests;
			sourceTree = "<group>";
		};
		1930483D195054A10052E551 /* Supporting Files */ = {
			isa = PBXGroup;
			children = (
				1930483E195054A10052E551 /* DPUIComponentsExampleTests-Info.plist */,
				1930483F195054A10052E551 /* InfoPlist.strings */,
			);
			name = "Supporting Files";
			sourceTree = "<group>";
		};
		199ECF4A1950557E00C722FB /* DPUIComponents */ = {
			isa = PBXGroup;
			children = (
				199ECF4B1950557E00C722FB /* DPHorizontalScrollableViewController.h */,
				199ECF4C1950557E00C722FB /* DPHorizontalScrollableViewController.m */,
				199ECF4D1950557E00C722FB /* DPMarqueeLabel.h */,
				199ECF4E1950557E00C722FB /* DPMarqueeLabel.m */,
				199ECF4F1950557E00C722FB /* UIView+dp_fadeInOut.h */,
				199ECF501950557E00C722FB /* UIView+dp_fadeInOut.m */,
				199ECF511950557E00C722FB /* UIView+dp_recursiveUtils.h */,
				199ECF521950557E00C722FB /* UIView+dp_recursiveUtils.m */,
			);
			name = DPUIComponents;
			path = ../DPUIComponents;
			sourceTree = "<group>";
		};
/* End PBXGroup section */

/* Begin PBXNativeTarget section */
		19304819195054A10052E551 /* DPUIComponentsExample */ = {
			isa = PBXNativeTarget;
			buildConfigurationList = 19304846195054A10052E551 /* Build configuration list for PBXNativeTarget "DPUIComponentsExample" */;
			buildPhases = (
				19304816195054A10052E551 /* Sources */,
				19304817195054A10052E551 /* Frameworks */,
				19304818195054A10052E551 /* Resources */,
			);
			buildRules = (
			);
			dependencies = (
			);
			name = DPUIComponentsExample;
			productName = DPUIComponentsExample;
			productReference = 1930481A195054A10052E551 /* DPUIComponentsExample.app */;
			productType = "com.apple.product-type.application";
		};
		19304834195054A10052E551 /* DPUIComponentsExampleTests */ = {
			isa = PBXNativeTarget;
			buildConfigurationList = 19304849195054A10052E551 /* Build configuration list for PBXNativeTarget "DPUIComponentsExampleTests" */;
			buildPhases = (
				19304831195054A10052E551 /* Sources */,
				19304832195054A10052E551 /* Frameworks */,
				19304833195054A10052E551 /* Resources */,
			);
			buildRules = (
			);
			dependencies = (
				1930483B195054A10052E551 /* PBXTargetDependency */,
			);
			name = DPUIComponentsExampleTests;
			productName = DPUIComponentsExampleTests;
			productReference = 19304835195054A10052E551 /* DPUIComponentsExampleTests.xctest */;
			productType = "com.apple.product-type.bundle.unit-test";
		};
/* End PBXNativeTarget section */

/* Begin PBXProject section */
		19304812195054A10052E551 /* Project object */ = {
			isa = PBXProject;
			attributes = {
				CLASSPREFIX = DP;
				LastUpgradeCheck = 0510;
				ORGANIZATIONNAME = dnpp.org;
				TargetAttributes = {
					19304834195054A10052E551 = {
						TestTargetID = 19304819195054A10052E551;
					};
				};
			};
			buildConfigurationList = 19304815195054A10052E551 /* Build configuration list for PBXProject "DPUIComponentsExample" */;
			compatibilityVersion = "Xcode 3.2";
			developmentRegion = English;
			hasScannedForEncodings = 0;
			knownRegions = (
				en,
			);
			mainGroup = 19304811195054A10052E551;
			productRefGroup = 1930481B195054A10052E551 /* Products */;
			projectDirPath = "";
			projectRoot = "";
			targets = (
				19304819195054A10052E551 /* DPUIComponentsExample */,
				19304834195054A10052E551 /* DPUIComponentsExampleTests */,
			);
		};
/* End PBXProject section */

/* Begin PBXResourcesBuildPhase section */
		19304818195054A10052E551 /* Resources */ = {
			isa = PBXResourcesBuildPhase;
			buildActionMask = 2147483647;
			files = (
				19304828195054A10052E551 /* InfoPlist.strings in Resources */,
				19304830195054A10052E551 /* Images.xcassets in Resources */,
			);
			runOnlyForDeploymentPostprocessing = 0;
		};
		19304833195054A10052E551 /* Resources */ = {
			isa = PBXResourcesBuildPhase;
			buildActionMask = 2147483647;
			files = (
				19304841195054A10052E551 /* InfoPlist.strings in Resources */,
			);
			runOnlyForDeploymentPostprocessing = 0;
		};
/* End PBXResourcesBuildPhase section */

/* Begin PBXSourcesBuildPhase section */
		19304816195054A10052E551 /* Sources */ = {
			isa = PBXSourcesBuildPhase;
			buildActionMask = 2147483647;
			files = (
				1930482E195054A10052E551 /* DPAppDelegate.m in Sources */,
				199ECF571950557E00C722FB /* UIView+dp_fadeInOut.m in Sources */,
				199ECF531950557E00C722FB /* DPHorizontalScrollableViewController.m in Sources */,
				199ECF591950557E00C722FB /* UIView+dp_recursiveUtils.m in Sources */,
				1930482A195054A10052E551 /* main.m in Sources */,
				199ECF551950557E00C722FB /* DPMarqueeLabel.m in Sources */,
			);
			runOnlyForDeploymentPostprocessing = 0;
		};
		19304831195054A10052E551 /* Sources */ = {
			isa = PBXSourcesBuildPhase;
			buildActionMask = 2147483647;
			files = (
				199ECF561950557E00C722FB /* DPMarqueeLabel.m in Sources */,
				199ECF5A1950557E00C722FB /* UIView+dp_recursiveUtils.m in Sources */,
				19304843195054A10052E551 /* DPUIComponentsExampleTests.m in Sources */,
				199ECF581950557E00C722FB /* UIView+dp_fadeInOut.m in Sources */,
				199ECF541950557E00C722FB /* DPHorizontalScrollableViewController.m in Sources */,
			);
			runOnlyForDeploymentPostprocessing = 0;
		};
/* End PBXSourcesBuildPhase section */

/* Begin PBXTargetDependency section */
		1930483B195054A10052E551 /* PBXTargetDependency */ = {
			isa = PBXTargetDependency;
			target = 19304819195054A10052E551 /* DPUIComponentsExample */;
			targetProxy = 1930483A195054A10052E551 /* PBXContainerItemProxy */;
		};
/* End PBXTargetDependency section */

/* Begin PBXVariantGroup section */
		19304826195054A10052E551 /* InfoPlist.strings */ = {
			isa = PBXVariantGroup;
			children = (
				19304827195054A10052E551 /* en */,
			);
			name = InfoPlist.strings;
			sourceTree = "<group>";
		};
		1930483F195054A10052E551 /* InfoPlist.strings */ = {
			isa = PBXVariantGroup;
			children = (
				19304840195054A10052E551 /* en */,
			);
			name = InfoPlist.strings;
			sourceTree = "<group>";
		};
/* End PBXVariantGroup section */

/* Begin XCBuildConfiguration section */
		19304844195054A10052E551 /* Debug */ = {
			isa = XCBuildConfiguration;
			buildSettings = {
				ALWAYS_SEARCH_USER_PATHS = NO;
				CLANG_CXX_LANGUAGE_STANDARD = "gnu++0x";
				CLANG_CXX_LIBRARY = "libc++";
				CLANG_ENABLE_MODULES = YES;
				CLANG_ENABLE_OBJC_ARC = YES;
				CLANG_WARN_BOOL_CONVERSION = YES;
				CLANG_WARN_CONSTANT_CONVERSION = YES;
				CLANG_WARN_DIRECT_OBJC_ISA_USAGE = YES_ERROR;
				CLANG_WARN_EMPTY_BODY = YES;
				CLANG_WARN_ENUM_CONVERSION = YES;
				CLANG_WARN_INT_CONVERSION = YES;
				CLANG_WARN_OBJC_ROOT_CLASS = YES_ERROR;
				CLANG_WARN__DUPLICATE_METHOD_MATCH = YES;
				"CODE_SIGN_IDENTITY[sdk=iphoneos*]" = "iPhone Developer";
				COPY_PHASE_STRIP = NO;
				GCC_C_LANGUAGE_STANDARD = gnu99;
				GCC_DYNAMIC_NO_PIC = NO;
				GCC_OPTIMIZATION_LEVEL = 0;
				GCC_PREPROCESSOR_DEFINITIONS = (
					"DEBUG=1",
					"$(inherited)",
				);
				GCC_SYMBOLS_PRIVATE_EXTERN = NO;
				GCC_WARN_64_TO_32_BIT_CONVERSION = YES;
				GCC_WARN_ABOUT_RETURN_TYPE = YES_ERROR;
				GCC_WARN_UNDECLARED_SELECTOR = YES;
				GCC_WARN_UNINITIALIZED_AUTOS = YES_AGGRESSIVE;
				GCC_WARN_UNUSED_FUNCTION = YES;
				GCC_WARN_UNUSED_VARIABLE = YES;
				IPHONEOS_DEPLOYMENT_TARGET = 6.0;
				ONLY_ACTIVE_ARCH = YES;
				SDKROOT = iphoneos;
			};
			name = Debug;
		};
		19304845195054A10052E551 /* Release */ = {
			isa = XCBuildConfiguration;
			buildSettings = {
				ALWAYS_SEARCH_USER_PATHS = NO;
				CLANG_CXX_LANGUAGE_STANDARD = "gnu++0x";
				CLANG_CXX_LIBRARY = "libc++";
				CLANG_ENABLE_MODULES = YES;
				CLANG_ENABLE_OBJC_ARC = YES;
				CLANG_WARN_BOOL_CONVERSION = YES;
				CLANG_WARN_CONSTANT_CONVERSION = YES;
				CLANG_WARN_DIRECT_OBJC_ISA_USAGE = YES_ERROR;
				CLANG_WARN_EMPTY_BODY = YES;
				CLANG_WARN_ENUM_CONVERSION = YES;
				CLANG_WARN_INT_CONVERSION = YES;
				CLANG_WARN_OBJC_ROOT_CLASS = YES_ERROR;
				CLANG_WARN__DUPLICATE_METHOD_MATCH = YES;
				"CODE_SIGN_IDENTITY[sdk=iphoneos*]" = "iPhone Developer";
				COPY_PHASE_STRIP = YES;
				ENABLE_NS_ASSERTIONS = NO;
				GCC_C_LANGUAGE_STANDARD = gnu99;
				GCC_WARN_64_TO_32_BIT_CONVERSION = YES;
				GCC_WARN_ABOUT_RETURN_TYPE = YES_ERROR;
				GCC_WARN_UNDECLARED_SELECTOR = YES;
				GCC_WARN_UNINITIALIZED_AUTOS = YES_AGGRESSIVE;
				GCC_WARN_UNUSED_FUNCTION = YES;
				GCC_WARN_UNUSED_VARIABLE = YES;
				IPHONEOS_DEPLOYMENT_TARGET = 6.0;
				SDKROOT = iphoneos;
				VALIDATE_PRODUCT = YES;
			};
			name = Release;
		};
		19304847195054A10052E551 /* Debug */ = {
			isa = XCBuildConfiguration;
			buildSettings = {
				ASSETCATALOG_COMPILER_APPICON_NAME = AppIcon;
				ASSETCATALOG_COMPILER_LAUNCHIMAGE_NAME = LaunchImage;
				GCC_PRECOMPILE_PREFIX_HEADER = YES;
				GCC_PREFIX_HEADER = "DPUIComponentsExample/DPUIComponentsExample-Prefix.pch";
				INFOPLIST_FILE = "DPUIComponentsExample/DPUIComponentsExample-Info.plist";
				PRODUCT_NAME = "$(TARGET_NAME)";
				WRAPPER_EXTENSION = app;
			};
			name = Debug;
		};
		19304848195054A10052E551 /* Release */ = {
			isa = XCBuildConfiguration;
			buildSettings = {
				ASSETCATALOG_COMPILER_APPICON_NAME = AppIcon;
				ASSETCATALOG_COMPILER_LAUNCHIMAGE_NAME = LaunchImage;
				GCC_PRECOMPILE_PREFIX_HEADER = YES;
				GCC_PREFIX_HEADER = "DPUIComponentsExample/DPUIComponentsExample-Prefix.pch";
				INFOPLIST_FILE = "DPUIComponentsExample/DPUIComponentsExample-Info.plist";
				PRODUCT_NAME = "$(TARGET_NAME)";
				WRAPPER_EXTENSION = app;
			};
			name = Release;
		};
		1930484A195054A10052E551 /* Debug */ = {
			isa = XCBuildConfiguration;
			buildSettings = {
				BUNDLE_LOADER = "$(BUILT_PRODUCTS_DIR)/DPUIComponentsExample.app/DPUIComponentsExample";
				FRAMEWORK_SEARCH_PATHS = (
					"$(SDKROOT)/Developer/Library/Frameworks",
					"$(inherited)",
					"$(DEVELOPER_FRAMEWORKS_DIR)",
				);
				GCC_PRECOMPILE_PREFIX_HEADER = YES;
				GCC_PREFIX_HEADER = "DPUIComponentsExample/DPUIComponentsExample-Prefix.pch";
				GCC_PREPROCESSOR_DEFINITIONS = (
					"DEBUG=1",
					"$(inherited)",
				);
				INFOPLIST_FILE = "DPUIComponentsExampleTests/DPUIComponentsExampleTests-Info.plist";
				PRODUCT_NAME = "$(TARGET_NAME)";
				TEST_HOST = "$(BUNDLE_LOADER)";
				WRAPPER_EXTENSION = xctest;
			};
			name = Debug;
		};
		1930484B195054A10052E551 /* Release */ = {
			isa = XCBuildConfiguration;
			buildSettings = {
				BUNDLE_LOADER = "$(BUILT_PRODUCTS_DIR)/DPUIComponentsExample.app/DPUIComponentsExample";
				FRAMEWORK_SEARCH_PATHS = (
					"$(SDKROOT)/Developer/Library/Frameworks",
					"$(inherited)",
					"$(DEVELOPER_FRAMEWORKS_DIR)",
				);
				GCC_PRECOMPILE_PREFIX_HEADER = YES;
				GCC_PREFIX_HEADER = "DPUIComponentsExample/DPUIComponentsExample-Prefix.pch";
				INFOPLIST_FILE = "DPUIComponentsExampleTests/DPUIComponentsExampleTests-Info.plist";
				PRODUCT_NAME = "$(TARGET_NAME)";
				TEST_HOST = "$(BUNDLE_LOADER)";
				WRAPPER_EXTENSION = xctest;
			};
			name = Release;
		};
/* End XCBuildConfiguration section */

/* Begin XCConfigurationList section */
		19304815195054A10052E551 /* Build configuration list for PBXProject "DPUIComponentsExample" */ = {
			isa = XCConfigurationList;
			buildConfigurations = (
				19304844195054A10052E551 /* Debug */,
				19304845195054A10052E551 /* Release */,
			);
			defaultConfigurationIsVisible = 0;
			defaultConfigurationName = Release;
		};
		19304846195054A10052E551 /* Build configuration list for PBXNativeTarget "DPUIComponentsExample" */ = {
			isa = XCConfigurationList;
			buildConfigurations = (
				19304847195054A10052E551 /* Debug */,
				19304848195054A10052E551 /* Release */,
			);
			defaultConfigurationIsVisible = 0;
			defaultConfigurationName = Release;
		};
		19304849195054A10052E551 /* Build configuration list for PBXNativeTarget "DPUIComponentsExampleTests" */ = {
			isa = XCConfigurationList;
			buildConfigurations = (
				1930484A195054A10052E551 /* Debug */,
				1930484B195054A10052E551 /* Release */,
			);
			defaultConfigurationIsVisible = 0;
			defaultConfigurationName = Release;
		};
/* End XCConfigurationList section */
	};
	rootObject = 19304812195054A10052E551 /* Project object */;
}
